
Microsoft Visual Studio Solution File, Format Version 12.00
# Visual Studio Version 17
VisualStudioVersion = 17.13.35828.75 d17.13
MinimumVisualStudioVersion = 10.0.40219.1
Project("{FAE04EC0-301F-11D3-BF4B-00C04F79EFBC}") = "Morozova_ISP-231_Lab5_ClassWork", "Morozova_ISP-231_Lab5_ClassWork.csproj", "{A615E4D6-7A9B-4D41-A93A-1437DC714F7F}"
EndProject
Global
	GlobalSection(SolutionConfigurationPlatforms) = preSolution
		Debug|Any CPU = Debug|Any CPU
		Release|Any CPU = Release|Any CPU
	EndGlobalSection
	GlobalSection(ProjectConfigurationPlatforms) = postSolution
		{A615E4D6-7A9B-4D41-A93A-1437DC714F7F}.Debug|Any CPU.ActiveCfg = Debug|Any CPU
		{A615E4D6-7A9B-4D41-A93A-1437DC714F7F}.Debug|Any CPU.Build.0 = Debug|Any CPU
		{A615E4D6-7A9B-4D41-A93A-1437DC714F7F}.Release|Any CPU.ActiveCfg = Release|Any CPU
		{A615E4D6-7A9B-4D41-A93A-1437DC714F7F}.Release|Any CPU.Build.0 = Release|Any CPU
	EndGlobalSection
	GlobalSection(SolutionProperties) = preSolution
		HideSolutionNode = FALSE
	EndGlobalSection
	GlobalSection(ExtensibilityGlobals) = postSolution
		SolutionGuid = {22C5EE44-D521-400F-ABFB-F92533780C5A}
	EndGlobalSection
EndGlobal
